
Microsoft Visual Studio Solution File, Format Version 12.00
# Visual Studio Version 17
VisualStudioVersion = 17.10.35201.131
MinimumVisualStudioVersion = 10.0.40219.1
Project("{2150E333-8FDC-42A3-9474-1A3956D46DE8}") = "src", "src", "{BF705BDA-E1AC-4AD5-A873-BDD08D01CFAF}"
EndProject
Project("{2150E333-8FDC-42A3-9474-1A3956D46DE8}") = "API", "API", "{9A0CC623-9898-48DA-A56B-9C6AE164D358}"
EndProject
Project("{2150E333-8FDC-42A3-9474-1A3956D46DE8}") = "Infrastructure", "Infrastructure", "{43ED42E5-022C-4830-849A-31C770777569}"
EndProject
Project("{2150E333-8FDC-42A3-9474-1A3956D46DE8}") = "UI", "UI", "{55855A9D-D655-4AC4-914B-F6DC443D9D84}"
EndProject
Project("{2150E333-8FDC-42A3-9474-1A3956D46DE8}") = "Core", "Core", "{05CDD17B-F03F-4E3D-B8FB-0C6C019B8977}"
EndProject
Project("{2150E333-8FDC-42A3-9474-1A3956D46DE8}") = "tests", "tests", "{5C5A32F5-8A5C-4D9A-98CA-BE7530C66530}"
EndProject
Project("{9A19103F-16F7-4668-BE54-9A1E7A4F7556}") = "Gamestore.Domain", "Gamestore.Domain\Gamestore.Domain.csproj", "{E10F0D1F-8ADF-4957-B5E0-9255B1181680}"
EndProject
Project("{9A19103F-16F7-4668-BE54-9A1E7A4F7556}") = "Gamestore.Application", "Gamestore.Application\Gamestore.Application.csproj", "{EFABA2ED-4D2C-40F8-A1DA-148FA12CA6DF}"
EndProject
Project("{9A19103F-16F7-4668-BE54-9A1E7A4F7556}") = "Gamestore.Persistence", "Gamestore.Persistence\Gamestore.Persistence.csproj", "{21F002CB-98A0-4707-96B2-27324B0FE6C0}"
EndProject
Project("{9A19103F-16F7-4668-BE54-9A1E7A4F7556}") = "Gamestore.Infrastructure", "Gamestore.Infrastructure\Gamestore.Infrastructure.csproj", "{22A2AEA7-C1A8-4DC2-875E-651606028460}"
EndProject
Project("{FAE04EC0-301F-11D3-BF4B-00C04F79EFBC}") = "Gamestore.API", "Gamestore.API\Gamestore.API.csproj", "{6CEE7291-9161-4D2A-A19B-1B550E27640E}"
EndProject
Project("{FAE04EC0-301F-11D3-BF4B-00C04F79EFBC}") = "Gamestore.Tests", "Gamestore.Tests\Gamestore.Tests.csproj", "{4CEA74F1-B5EB-4539-85F5-ED8C6C1D150C}"
EndProject
Project("{2150E333-8FDC-42A3-9474-1A3956D46DE8}") = "Solution Items", "Solution Items", "{9D8D408B-2CC7-4E31-B62E-8EF62B2E8440}"
	ProjectSection(SolutionItems) = preProject
		.editorconfig = .editorconfig
	EndProjectSection
EndProject
Project("{FAE04EC0-301F-11D3-BF4B-00C04F79EFBC}") = "Gamestore.Identity", "Gamestore.Identity\Gamestore.Identity.csproj", "{F660C6BA-B114-4105-9DD6-BA78E278C05E}"
EndProject
Project("{54A90642-561A-4BB1-A94E-469ADEE60C69}") = "Gamestore.UI", "Gamestore.UI\Gamestore.UI.esproj", "{F1B6F677-B1C1-ACA7-F356-E23E84DF6F0C}"
EndProject
Global
	GlobalSection(SolutionConfigurationPlatforms) = preSolution
		Debug|Any CPU = Debug|Any CPU
		Release|Any CPU = Release|Any CPU
	EndGlobalSection
	GlobalSection(ProjectConfigurationPlatforms) = postSolution
		{E10F0D1F-8ADF-4957-B5E0-9255B1181680}.Debug|Any CPU.ActiveCfg = Debug|Any CPU
		{E10F0D1F-8ADF-4957-B5E0-9255B1181680}.Debug|Any CPU.Build.0 = Debug|Any CPU
		{E10F0D1F-8ADF-4957-B5E0-9255B1181680}.Release|Any CPU.ActiveCfg = Release|Any CPU
		{E10F0D1F-8ADF-4957-B5E0-9255B1181680}.Release|Any CPU.Build.0 = Release|Any CPU
		{EFABA2ED-4D2C-40F8-A1DA-148FA12CA6DF}.Debug|Any CPU.ActiveCfg = Debug|Any CPU
		{EFABA2ED-4D2C-40F8-A1DA-148FA12CA6DF}.Debug|Any CPU.Build.0 = Debug|Any CPU
		{EFABA2ED-4D2C-40F8-A1DA-148FA12CA6DF}.Release|Any CPU.ActiveCfg = Release|Any CPU
		{EFABA2ED-4D2C-40F8-A1DA-148FA12CA6DF}.Release|Any CPU.Build.0 = Release|Any CPU
		{21F002CB-98A0-4707-96B2-27324B0FE6C0}.Debug|Any CPU.ActiveCfg = Debug|Any CPU
		{21F002CB-98A0-4707-96B2-27324B0FE6C0}.Debug|Any CPU.Build.0 = Debug|Any CPU
		{21F002CB-98A0-4707-96B2-27324B0FE6C0}.Release|Any CPU.ActiveCfg = Release|Any CPU
		{21F002CB-98A0-4707-96B2-27324B0FE6C0}.Release|Any CPU.Build.0 = Release|Any CPU
		{22A2AEA7-C1A8-4DC2-875E-651606028460}.Debug|Any CPU.ActiveCfg = Debug|Any CPU
		{22A2AEA7-C1A8-4DC2-875E-651606028460}.Debug|Any CPU.Build.0 = Debug|Any CPU
		{22A2AEA7-C1A8-4DC2-875E-651606028460}.Release|Any CPU.ActiveCfg = Release|Any CPU
		{22A2AEA7-C1A8-4DC2-875E-651606028460}.Release|Any CPU.Build.0 = Release|Any CPU
		{6CEE7291-9161-4D2A-A19B-1B550E27640E}.Debug|Any CPU.ActiveCfg = Debug|Any CPU
		{6CEE7291-9161-4D2A-A19B-1B550E27640E}.Debug|Any CPU.Build.0 = Debug|Any CPU
		{6CEE7291-9161-4D2A-A19B-1B550E27640E}.Release|Any CPU.ActiveCfg = Release|Any CPU
		{6CEE7291-9161-4D2A-A19B-1B550E27640E}.Release|Any CPU.Build.0 = Release|Any CPU
		{4CEA74F1-B5EB-4539-85F5-ED8C6C1D150C}.Debug|Any CPU.ActiveCfg = Debug|Any CPU
		{4CEA74F1-B5EB-4539-85F5-ED8C6C1D150C}.Debug|Any CPU.Build.0 = Debug|Any CPU
		{4CEA74F1-B5EB-4539-85F5-ED8C6C1D150C}.Release|Any CPU.ActiveCfg = Release|Any CPU
		{4CEA74F1-B5EB-4539-85F5-ED8C6C1D150C}.Release|Any CPU.Build.0 = Release|Any CPU
		{F660C6BA-B114-4105-9DD6-BA78E278C05E}.Debug|Any CPU.ActiveCfg = Debug|Any CPU
		{F660C6BA-B114-4105-9DD6-BA78E278C05E}.Debug|Any CPU.Build.0 = Debug|Any CPU
		{F660C6BA-B114-4105-9DD6-BA78E278C05E}.Release|Any CPU.ActiveCfg = Release|Any CPU
		{F660C6BA-B114-4105-9DD6-BA78E278C05E}.Release|Any CPU.Build.0 = Release|Any CPU
		{F1B6F677-B1C1-ACA7-F356-E23E84DF6F0C}.Debug|Any CPU.ActiveCfg = Debug|Any CPU
		{F1B6F677-B1C1-ACA7-F356-E23E84DF6F0C}.Debug|Any CPU.Build.0 = Debug|Any CPU
		{F1B6F677-B1C1-ACA7-F356-E23E84DF6F0C}.Debug|Any CPU.Deploy.0 = Debug|Any CPU
		{F1B6F677-B1C1-ACA7-F356-E23E84DF6F0C}.Release|Any CPU.ActiveCfg = Release|Any CPU
		{F1B6F677-B1C1-ACA7-F356-E23E84DF6F0C}.Release|Any CPU.Build.0 = Release|Any CPU
		{F1B6F677-B1C1-ACA7-F356-E23E84DF6F0C}.Release|Any CPU.Deploy.0 = Release|Any CPU
	EndGlobalSection
	GlobalSection(SolutionProperties) = preSolution
		HideSolutionNode = FALSE
	EndGlobalSection
	GlobalSection(NestedProjects) = preSolution
		{9A0CC623-9898-48DA-A56B-9C6AE164D358} = {BF705BDA-E1AC-4AD5-A873-BDD08D01CFAF}
		{43ED42E5-022C-4830-849A-31C770777569} = {BF705BDA-E1AC-4AD5-A873-BDD08D01CFAF}
		{55855A9D-D655-4AC4-914B-F6DC443D9D84} = {BF705BDA-E1AC-4AD5-A873-BDD08D01CFAF}
		{05CDD17B-F03F-4E3D-B8FB-0C6C019B8977} = {BF705BDA-E1AC-4AD5-A873-BDD08D01CFAF}
		{E10F0D1F-8ADF-4957-B5E0-9255B1181680} = {05CDD17B-F03F-4E3D-B8FB-0C6C019B8977}
		{EFABA2ED-4D2C-40F8-A1DA-148FA12CA6DF} = {05CDD17B-F03F-4E3D-B8FB-0C6C019B8977}
		{21F002CB-98A0-4707-96B2-27324B0FE6C0} = {43ED42E5-022C-4830-849A-31C770777569}
		{22A2AEA7-C1A8-4DC2-875E-651606028460} = {43ED42E5-022C-4830-849A-31C770777569}
		{6CEE7291-9161-4D2A-A19B-1B550E27640E} = {9A0CC623-9898-48DA-A56B-9C6AE164D358}
		{4CEA74F1-B5EB-4539-85F5-ED8C6C1D150C} = {5C5A32F5-8A5C-4D9A-98CA-BE7530C66530}
		{F660C6BA-B114-4105-9DD6-BA78E278C05E} = {43ED42E5-022C-4830-849A-31C770777569}
		{F1B6F677-B1C1-ACA7-F356-E23E84DF6F0C} = {55855A9D-D655-4AC4-914B-F6DC443D9D84}
	EndGlobalSection
	GlobalSection(ExtensibilityGlobals) = postSolution
		SolutionGuid = {A956566B-E1D5-4D2F-B625-1AD1682F43A2}
	EndGlobalSection
EndGlobal
